
Microsoft Visual Studio Solution File, Format Version 12.00
Project("{FAE04EC0-301F-11D3-BF4B-00C04F79EFBC}") = "Tsikhanau.Outcomes", "Tsikhanau.Outcomes\Tsikhanau.Outcomes.csproj", "{BA3E2047-237E-4BED-8981-4A4A553F9DAE}"
EndProject
Project("{FAE04EC0-301F-11D3-BF4B-00C04F79EFBC}") = "Tsikhanau.Foundation", "Tsikhanau.Foundation\Tsikhanau.Foundation.csproj", "{9A32EABF-E345-4E99-8CEB-16E04DB22F6C}"
EndProject
Project("{FAE04EC0-301F-11D3-BF4B-00C04F79EFBC}") = "TestConsole", "TestConsole\TestConsole.csproj", "{EDFA05E6-0D10-425C-92A7-A678BD2D862D}"
EndProject
Project("{FAE04EC0-301F-11D3-BF4B-00C04F79EFBC}") = "Tsikhanau.RailwayExtensions", "Tsikhanau.RailwayExtensions\Tsikhanau.RailwayExtensions.csproj", "{B1EDF5E5-9907-487E-AB07-572D2C8D7BAB}"
EndProject
Global
	GlobalSection(SolutionConfigurationPlatforms) = preSolution
		Debug|Any CPU = Debug|Any CPU
		Release|Any CPU = Release|Any CPU
	EndGlobalSection
	GlobalSection(ProjectConfigurationPlatforms) = postSolution
		{BA3E2047-237E-4BED-8981-4A4A553F9DAE}.Debug|Any CPU.ActiveCfg = Debug|Any CPU
		{BA3E2047-237E-4BED-8981-4A4A553F9DAE}.Debug|Any CPU.Build.0 = Debug|Any CPU
		{BA3E2047-237E-4BED-8981-4A4A553F9DAE}.Release|Any CPU.ActiveCfg = Release|Any CPU
		{BA3E2047-237E-4BED-8981-4A4A553F9DAE}.Release|Any CPU.Build.0 = Release|Any CPU
		{9A32EABF-E345-4E99-8CEB-16E04DB22F6C}.Debug|Any CPU.ActiveCfg = Debug|Any CPU
		{9A32EABF-E345-4E99-8CEB-16E04DB22F6C}.Debug|Any CPU.Build.0 = Debug|Any CPU
		{9A32EABF-E345-4E99-8CEB-16E04DB22F6C}.Release|Any CPU.ActiveCfg = Release|Any CPU
		{9A32EABF-E345-4E99-8CEB-16E04DB22F6C}.Release|Any CPU.Build.0 = Release|Any CPU
		{EDFA05E6-0D10-425C-92A7-A678BD2D862D}.Debug|Any CPU.ActiveCfg = Debug|Any CPU
		{EDFA05E6-0D10-425C-92A7-A678BD2D862D}.Debug|Any CPU.Build.0 = Debug|Any CPU
		{EDFA05E6-0D10-425C-92A7-A678BD2D862D}.Release|Any CPU.ActiveCfg = Release|Any CPU
		{EDFA05E6-0D10-425C-92A7-A678BD2D862D}.Release|Any CPU.Build.0 = Release|Any CPU
		{B1EDF5E5-9907-487E-AB07-572D2C8D7BAB}.Debug|Any CPU.ActiveCfg = Debug|Any CPU
		{B1EDF5E5-9907-487E-AB07-572D2C8D7BAB}.Debug|Any CPU.Build.0 = Debug|Any CPU
		{B1EDF5E5-9907-487E-AB07-572D2C8D7BAB}.Release|Any CPU.ActiveCfg = Release|Any CPU
		{B1EDF5E5-9907-487E-AB07-572D2C8D7BAB}.Release|Any CPU.Build.0 = Release|Any CPU
	EndGlobalSection
EndGlobal
